
Microsoft Visual Studio Solution File, Format Version 12.00
# Visual Studio 15
VisualStudioVersion = 15.0.27130.2026
MinimumVisualStudioVersion = 10.0.40219.1
Project("{FAE04EC0-301F-11D3-BF4B-00C04F79EFBC}") = "EmailParser.Console", "EmailParser.Console\EmailParser.Console.csproj", "{A93CEF6B-7ABC-4F9B-88AD-F52EC16992C5}"
EndProject
Project("{FAE04EC0-301F-11D3-BF4B-00C04F79EFBC}") = "EmailParser.DAL", "EmailParser.DAL\EmailParser.DAL.csproj", "{41EA9EBA-A20F-4548-9899-3D3069619E3E}"
EndProject
Project("{FAE04EC0-301F-11D3-BF4B-00C04F79EFBC}") = "EmailParser.Service", "EmailParser.Service\EmailParser.Service.csproj", "{4F7F818B-B485-4E43-8CD5-529DBE2494A2}"
EndProject
Project("{FAE04EC0-301F-11D3-BF4B-00C04F79EFBC}") = "EmailParser.Model", "EmailParser.Model\EmailParser.Model.csproj", "{3A94474D-DBAF-4679-8023-1F9C242CF53E}"
EndProject
Project("{FAE04EC0-301F-11D3-BF4B-00C04F79EFBC}") = "EmailParser.WS", "EmailParser.WS\EmailParser.WS.csproj", "{AAF807EE-2129-44C3-B3F8-4C7DF9A5F135}"
EndProject
Global
	GlobalSection(SolutionConfigurationPlatforms) = preSolution
		Debug|Any CPU = Debug|Any CPU
		Release|Any CPU = Release|Any CPU
	EndGlobalSection
	GlobalSection(ProjectConfigurationPlatforms) = postSolution
		{A93CEF6B-7ABC-4F9B-88AD-F52EC16992C5}.Debug|Any CPU.ActiveCfg = Debug|Any CPU
		{A93CEF6B-7ABC-4F9B-88AD-F52EC16992C5}.Debug|Any CPU.Build.0 = Debug|Any CPU
		{A93CEF6B-7ABC-4F9B-88AD-F52EC16992C5}.Release|Any CPU.ActiveCfg = Release|Any CPU
		{A93CEF6B-7ABC-4F9B-88AD-F52EC16992C5}.Release|Any CPU.Build.0 = Release|Any CPU
		{41EA9EBA-A20F-4548-9899-3D3069619E3E}.Debug|Any CPU.ActiveCfg = Debug|Any CPU
		{41EA9EBA-A20F-4548-9899-3D3069619E3E}.Debug|Any CPU.Build.0 = Debug|Any CPU
		{41EA9EBA-A20F-4548-9899-3D3069619E3E}.Release|Any CPU.ActiveCfg = Release|Any CPU
		{41EA9EBA-A20F-4548-9899-3D3069619E3E}.Release|Any CPU.Build.0 = Release|Any CPU
		{4F7F818B-B485-4E43-8CD5-529DBE2494A2}.Debug|Any CPU.ActiveCfg = Debug|Any CPU
		{4F7F818B-B485-4E43-8CD5-529DBE2494A2}.Debug|Any CPU.Build.0 = Debug|Any CPU
		{4F7F818B-B485-4E43-8CD5-529DBE2494A2}.Release|Any CPU.ActiveCfg = Release|Any CPU
		{4F7F818B-B485-4E43-8CD5-529DBE2494A2}.Release|Any CPU.Build.0 = Release|Any CPU
		{3A94474D-DBAF-4679-8023-1F9C242CF53E}.Debug|Any CPU.ActiveCfg = Debug|Any CPU
		{3A94474D-DBAF-4679-8023-1F9C242CF53E}.Debug|Any CPU.Build.0 = Debug|Any CPU
		{3A94474D-DBAF-4679-8023-1F9C242CF53E}.Release|Any CPU.ActiveCfg = Release|Any CPU
		{3A94474D-DBAF-4679-8023-1F9C242CF53E}.Release|Any CPU.Build.0 = Release|Any CPU
		{AAF807EE-2129-44C3-B3F8-4C7DF9A5F135}.Debug|Any CPU.ActiveCfg = Debug|Any CPU
		{AAF807EE-2129-44C3-B3F8-4C7DF9A5F135}.Debug|Any CPU.Build.0 = Debug|Any CPU
		{AAF807EE-2129-44C3-B3F8-4C7DF9A5F135}.Release|Any CPU.ActiveCfg = Release|Any CPU
		{AAF807EE-2129-44C3-B3F8-4C7DF9A5F135}.Release|Any CPU.Build.0 = Release|Any CPU
	EndGlobalSection
	GlobalSection(SolutionProperties) = preSolution
		HideSolutionNode = FALSE
	EndGlobalSection
	GlobalSection(ExtensibilityGlobals) = postSolution
		SolutionGuid = {2CECED00-AB8F-4AEE-B0E5-42DDDC70E4D2}
	EndGlobalSection
EndGlobal
